// !$*UTF8*$!
{
	archiveVersion = 1;
	classes = {
	};
	objectVersion = 50;
	objects = {

/* Begin PBXBuildFile section */
		8498CB1E2119682200FA58B7 /* AppDelegate.swift in Sources */ = {isa = PBXBuildFile; fileRef = 8498CB1D2119682200FA58B7 /* AppDelegate.swift */; };
		8498CB202119682200FA58B7 /* CurrentSunPositionViewController.swift in Sources */ = {isa = PBXBuildFile; fileRef = 8498CB1F2119682200FA58B7 /* CurrentSunPositionViewController.swift */; };
		8498CB232119682200FA58B7 /* Main.storyboard in Resources */ = {isa = PBXBuildFile; fileRef = 8498CB212119682200FA58B7 /* Main.storyboard */; };
		8498CB252119682300FA58B7 /* Assets.xcassets in Resources */ = {isa = PBXBuildFile; fileRef = 8498CB242119682300FA58B7 /* Assets.xcassets */; };
		8498CB282119682300FA58B7 /* LaunchScreen.storyboard in Resources */ = {isa = PBXBuildFile; fileRef = 8498CB262119682300FA58B7 /* LaunchScreen.storyboard */; };
		8498CB312119683C00FA58B7 /* Model.swift in Sources */ = {isa = PBXBuildFile; fileRef = 8498CB302119683C00FA58B7 /* Model.swift */; };
		8498CB332119684600FA58B7 /* Results.swift in Sources */ = {isa = PBXBuildFile; fileRef = 8498CB322119684600FA58B7 /* Results.swift */; };
		8498CB362119685700FA58B7 /* Network.swift in Sources */ = {isa = PBXBuildFile; fileRef = 8498CB352119685700FA58B7 /* Network.swift */; };
		8498CB3821196A9400FA58B7 /* image.jpg in Resources */ = {isa = PBXBuildFile; fileRef = 8498CB3721196A9400FA58B7 /* image.jpg */; };
/* End PBXBuildFile section */

/* Begin PBXFileReference section */
		8498CB1A2119682200FA58B7 /* SunriseApp.app */ = {isa = PBXFileReference; explicitFileType = wrapper.application; includeInIndex = 0; path = SunriseApp.app; sourceTree = BUILT_PRODUCTS_DIR; };
		8498CB1D2119682200FA58B7 /* AppDelegate.swift */ = {isa = PBXFileReference; lastKnownFileType = sourcecode.swift; path = AppDelegate.swift; sourceTree = "<group>"; };
		8498CB1F2119682200FA58B7 /* CurrentSunPositionViewController.swift */ = {isa = PBXFileReference; lastKnownFileType = sourcecode.swift; path = CurrentSunPositionViewController.swift; sourceTree = "<group>"; };
		8498CB222119682200FA58B7 /* Base */ = {isa = PBXFileReference; lastKnownFileType = file.storyboard; name = Base; path = Base.lproj/Main.storyboard; sourceTree = "<group>"; };
		8498CB242119682300FA58B7 /* Assets.xcassets */ = {isa = PBXFileReference; lastKnownFileType = folder.assetcatalog; path = Assets.xcassets; sourceTree = "<group>"; };
		8498CB272119682300FA58B7 /* Base */ = {isa = PBXFileReference; lastKnownFileType = file.storyboard; name = Base; path = Base.lproj/LaunchScreen.storyboard; sourceTree = "<group>"; };
		8498CB292119682300FA58B7 /* Info.plist */ = {isa = PBXFileReference; lastKnownFileType = text.plist.xml; path = Info.plist; sourceTree = "<group>"; };
		8498CB302119683C00FA58B7 /* Model.swift */ = {isa = PBXFileReference; lastKnownFileType = sourcecode.swift; path = Model.swift; sourceTree = "<group>"; };
		8498CB322119684600FA58B7 /* Results.swift */ = {isa = PBXFileReference; lastKnownFileType = sourcecode.swift; path = Results.swift; sourceTree = "<group>"; };
		8498CB352119685700FA58B7 /* Network.swift */ = {isa = PBXFileReference; lastKnownFileType = sourcecode.swift; path = Network.swift; sourceTree = "<group>"; };
		8498CB3721196A9400FA58B7 /* image.jpg */ = {isa = PBXFileReference; lastKnownFileType = image.jpeg; path = image.jpg; sourceTree = "<group>"; };
/* End PBXFileReference section */

/* Begin PBXFrameworksBuildPhase section */
		8498CB172119682200FA58B7 /* Frameworks */ = {
			isa = PBXFrameworksBuildPhase;
			buildActionMask = 2147483647;
			files = (
			);
			runOnlyForDeploymentPostprocessing = 0;
		};
/* End PBXFrameworksBuildPhase section */

/* Begin PBXGroup section */
		8498CB112119682200FA58B7 = {
			isa = PBXGroup;
			children = (
				8498CB1C2119682200FA58B7 /* SunriseApp */,
				8498CB1B2119682200FA58B7 /* Products */,
			);
			sourceTree = "<group>";
		};
		8498CB1B2119682200FA58B7 /* Products */ = {
			isa = PBXGroup;
			children = (
				8498CB1A2119682200FA58B7 /* SunriseApp.app */,
			);
			name = Products;
			sourceTree = "<group>";
		};
		8498CB1C2119682200FA58B7 /* SunriseApp */ = {
			isa = PBXGroup;
			children = (
				8498CB2F2119682F00FA58B7 /* Model */,
				8498CB1F2119682200FA58B7 /* CurrentSunPositionViewController.swift */,
				8498CB1D2119682200FA58B7 /* AppDelegate.swift */,
				8498CB212119682200FA58B7 /* Main.storyboard */,
				8498CB242119682300FA58B7 /* Assets.xcassets */,
				8498CB262119682300FA58B7 /* LaunchScreen.storyboard */,
				8498CB292119682300FA58B7 /* Info.plist */,
			);
			path = SunriseApp;
			sourceTree = "<group>";
		};
		8498CB2F2119682F00FA58B7 /* Model */ = {
			isa = PBXGroup;
			children = (
				8498CB3721196A9400FA58B7 /* image.jpg */,
				8498CB302119683C00FA58B7 /* Model.swift */,
				8498CB322119684600FA58B7 /* Results.swift */,
				8498CB352119685700FA58B7 /* Network.swift */,
			);
			path = Model;
			sourceTree = "<group>";
		};
/* End PBXGroup section */

/* Begin PBXNativeTarget section */
		8498CB192119682200FA58B7 /* SunriseApp */ = {
			isa = PBXNativeTarget;
			buildConfigurationList = 8498CB2C2119682300FA58B7 /* Build configuration list for PBXNativeTarget "SunriseApp" */;
			buildPhases = (
				8498CB162119682200FA58B7 /* Sources */,
				8498CB172119682200FA58B7 /* Frameworks */,
				8498CB182119682200FA58B7 /* Resources */,
			);
			buildRules = (
			);
			dependencies = (
			);
			name = SunriseApp;
			productName = SunriseApp;
			productReference = 8498CB1A2119682200FA58B7 /* SunriseApp.app */;
			productType = "com.apple.product-type.application";
		};
/* End PBXNativeTarget section */

/* Begin PBXProject section */
		8498CB122119682200FA58B7 /* Project object */ = {
			isa = PBXProject;
			attributes = {
				LastSwiftUpdateCheck = 0930;
				LastUpgradeCheck = 0930;
				ORGANIZATIONNAME = WonderDev;
				TargetAttributes = {
					8498CB192119682200FA58B7 = {
						CreatedOnToolsVersion = 9.3;
					};
				};
			};
			buildConfigurationList = 8498CB152119682200FA58B7 /* Build configuration list for PBXProject "SunriseApp" */;
			compatibilityVersion = "Xcode 9.3";
			developmentRegion = en;
			hasScannedForEncodings = 0;
			knownRegions = (
				en,
				Base,
			);
			mainGroup = 8498CB112119682200FA58B7;
			productRefGroup = 8498CB1B2119682200FA58B7 /* Products */;
			projectDirPath = "";
			projectRoot = "";
			targets = (
				8498CB192119682200FA58B7 /* SunriseApp */,
			);
		};
/* End PBXProject section */

/* Begin PBXResourcesBuildPhase section */
		8498CB182119682200FA58B7 /* Resources */ = {
			isa = PBXResourcesBuildPhase;
			buildActionMask = 2147483647;
			files = (
				8498CB282119682300FA58B7 /* LaunchScreen.storyboard in Resources */,
				8498CB252119682300FA58B7 /* Assets.xcassets in Resources */,
				8498CB232119682200FA58B7 /* Main.storyboard in Resources */,
				8498CB3821196A9400FA58B7 /* image.jpg in Resources */,
			);
			runOnlyForDeploymentPostprocessing = 0;
		};
/* End PBXResourcesBuildPhase section */

/* Begin PBXSourcesBuildPhase section */
		8498CB162119682200FA58B7 /* Sources */ = {
			isa = PBXSourcesBuildPhase;
			buildActionMask = 2147483647;
			files = (
				8498CB362119685700FA58B7 /* Network.swift in Sources */,
				8498CB312119683C00FA58B7 /* Model.swift in Sources */,
				8498CB202119682200FA58B7 /* CurrentSunPositionViewController.swift in Sources */,
				8498CB332119684600FA58B7 /* Results.swift in Sources */,
				8498CB1E2119682200FA58B7 /* AppDelegate.swift in Sources */,
			);
			runOnlyForDeploymentPostprocessing = 0;
		};
/* End PBXSourcesBuildPhase section */

/* Begin PBXVariantGroup section */
		8498CB212119682200FA58B7 /* Main.storyboard */ = {
			isa = PBXVariantGroup;
			children = (
				8498CB222119682200FA58B7 /* Base */,
			);
			name = Main.storyboard;
			sourceTree = "<group>";
		};
		8498CB262119682300FA58B7 /* LaunchScreen.storyboard */ = {
			isa = PBXVariantGroup;
			children = (
				8498CB272119682300FA58B7 /* Base */,
			);
			name = LaunchScreen.storyboard;
			sourceTree = "<group>";
		};
/* End PBXVariantGroup section */

/* Begin XCBuildConfiguration section */
		8498CB2A2119682300FA58B7 /* Debug */ = {
			isa = XCBuildConfiguration;
			buildSettings = {
				ALWAYS_SEARCH_USER_PATHS = NO;
				CLANG_ANALYZER_NONNULL = YES;
				CLANG_ANALYZER_NUMBER_OBJECT_CONVERSION = YES_AGGRESSIVE;
				CLANG_CXX_LANGUAGE_STANDARD = "gnu++14";
				CLANG_CXX_LIBRARY = "libc++";
				CLANG_ENABLE_MODULES = YES;
				CLANG_ENABLE_OBJC_ARC = YES;
				CLANG_ENABLE_OBJC_WEAK = YES;
				CLANG_WARN_BLOCK_CAPTURE_AUTORELEASING = YES;
				CLANG_WARN_BOOL_CONVERSION = YES;
				CLANG_WARN_COMMA = YES;
				CLANG_WARN_CONSTANT_CONVERSION = YES;
				CLANG_WARN_DEPRECATED_OBJC_IMPLEMENTATIONS = YES;
				CLANG_WARN_DIRECT_OBJC_ISA_USAGE = YES_ERROR;
				CLANG_WARN_DOCUMENTATION_COMMENTS = YES;
				CLANG_WARN_EMPTY_BODY = YES;
				CLANG_WARN_ENUM_CONVERSION = YES;
				CLANG_WARN_INFINITE_RECURSION = YES;
				CLANG_WARN_INT_CONVERSION = YES;
				CLANG_WARN_NON_LITERAL_NULL_CONVERSION = YES;
				CLANG_WARN_OBJC_IMPLICIT_RETAIN_SELF = YES;
				CLANG_WARN_OBJC_LITERAL_CONVERSION = YES;
				CLANG_WARN_OBJC_ROOT_CLASS = YES_ERROR;
				CLANG_WARN_RANGE_LOOP_ANALYSIS = YES;
				CLANG_WARN_STRICT_PROTOTYPES = YES;
				CLANG_WARN_SUSPICIOUS_MOVE = YES;
				CLANG_WARN_UNGUARDED_AVAILABILITY = YES_AGGRESSIVE;
				CLANG_WARN_UNREACHABLE_CODE = YES;
				CLANG_WARN__DUPLICATE_METHOD_MATCH = YES;
				CODE_SIGN_IDENTITY = "iPhone Developer";
				COPY_PHASE_STRIP = NO;
				DEBUG_INFORMATION_FORMAT = dwarf;
				ENABLE_STRICT_OBJC_MSGSEND = YES;
				ENABLE_TESTABILITY = YES;
				GCC_C_LANGUAGE_STANDARD = gnu11;
				GCC_DYNAMIC_NO_PIC = NO;
				GCC_NO_COMMON_BLOCKS = YES;
				GCC_OPTIMIZATION_LEVEL = 0;
				GCC_PREPROCESSOR_DEFINITIONS = (
					"DEBUG=1",
					"$(inherited)",
				);
				GCC_WARN_64_TO_32_BIT_CONVERSION = YES;
				GCC_WARN_ABOUT_RETURN_TYPE = YES_ERROR;
				GCC_WARN_UNDECLARED_SELECTOR = YES;
				GCC_WARN_UNINITIALIZED_AUTOS = YES_AGGRESSIVE;
				GCC_WARN_UNUSED_FUNCTION = YES;
				GCC_WARN_UNUSED_VARIABLE = YES;
				IPHONEOS_DEPLOYMENT_TARGET = 11.3;
				MTL_ENABLE_DEBUG_INFO = YES;
				ONLY_ACTIVE_ARCH = YES;
				SDKROOT = iphoneos;
				SWIFT_ACTIVE_COMPILATION_CONDITIONS = DEBUG;
				SWIFT_OPTIMIZATION_LEVEL = "-Onone";
			};
			name = Debug;
		};
		8498CB2B2119682300FA58B7 /* Release */ = {
			isa = XCBuildConfiguration;
			buildSettings = {
				ALWAYS_SEARCH_USER_PATHS = NO;
				CLANG_ANALYZER_NONNULL = YES;
				CLANG_ANALYZER_NUMBER_OBJECT_CONVERSION = YES_AGGRESSIVE;
				CLANG_CXX_LANGUAGE_STANDARD = "gnu++14";
				CLANG_CXX_LIBRARY = "libc++";
				CLANG_ENABLE_MODULES = YES;
				CLANG_ENABLE_OBJC_ARC = YES;
				CLANG_ENABLE_OBJC_WEAK = YES;
				CLANG_WARN_BLOCK_CAPTURE_AUTORELEASING = YES;
				CLANG_WARN_BOOL_CONVERSION = YES;
				CLANG_WARN_COMMA = YES;
				CLANG_WARN_CONSTANT_CONVERSION = YES;
				CLANG_WARN_DEPRECATED_OBJC_IMPLEMENTATIONS = YES;
				CLANG_WARN_DIRECT_OBJC_ISA_USAGE = YES_ERROR;
				CLANG_WARN_DOCUMENTATION_COMMENTS = YES;
				CLANG_WARN_EMPTY_BODY = YES;
				CLANG_WARN_ENUM_CONVERSION = YES;
				CLANG_WARN_INFINITE_RECURSION = YES;
				CLANG_WARN_INT_CONVERSION = YES;
				CLANG_WARN_NON_LITERAL_NULL_CONVERSION = YES;
				CLANG_WARN_OBJC_IMPLICIT_RETAIN_SELF = YES;
				CLANG_WARN_OBJC_LITERAL_CONVERSION = YES;
				CLANG_WARN_OBJC_ROOT_CLASS = YES_ERROR;
				CLANG_WARN_RANGE_LOOP_ANALYSIS = YES;
				CLANG_WARN_STRICT_PROTOTYPES = YES;
				CLANG_WARN_SUSPICIOUS_MOVE = YES;
				CLANG_WARN_UNGUARDED_AVAILABILITY = YES_AGGRESSIVE;
				CLANG_WARN_UNREACHABLE_CODE = YES;
				CLANG_WARN__DUPLICATE_METHOD_MATCH = YES;
				CODE_SIGN_IDENTITY = "iPhone Developer";
				COPY_PHASE_STRIP = NO;
				DEBUG_INFORMATION_FORMAT = "dwarf-with-dsym";
				ENABLE_NS_ASSERTIONS = NO;
				ENABLE_STRICT_OBJC_MSGSEND = YES;
				GCC_C_LANGUAGE_STANDARD = gnu11;
				GCC_NO_COMMON_BLOCKS = YES;
				GCC_WARN_64_TO_32_BIT_CONVERSION = YES;
				GCC_WARN_ABOUT_RETURN_TYPE = YES_ERROR;
				GCC_WARN_UNDECLARED_SELECTOR = YES;
				GCC_WARN_UNINITIALIZED_AUTOS = YES_AGGRESSIVE;
				GCC_WARN_UNUSED_FUNCTION = YES;
				GCC_WARN_UNUSED_VARIABLE = YES;
				IPHONEOS_DEPLOYMENT_TARGET = 11.3;
				MTL_ENABLE_DEBUG_INFO = NO;
				SDKROOT = iphoneos;
				SWIFT_COMPILATION_MODE = wholemodule;
				SWIFT_OPTIMIZATION_LEVEL = "-O";
				VALIDATE_PRODUCT = YES;
			};
			name = Release;
		};
		8498CB2D2119682300FA58B7 /* Debug */ = {
			isa = XCBuildConfiguration;
			buildSettings = {
				ASSETCATALOG_COMPILER_APPICON_NAME = AppIcon;
				CODE_SIGN_STYLE = Automatic;
				DEVELOPMENT_TEAM = Q59F7LSGMF;
				INFOPLIST_FILE = SunriseApp/Info.plist;
				LD_RUNPATH_SEARCH_PATHS = (
					"$(inherited)",
					"@executable_path/Frameworks",
				);
				PRODUCT_BUNDLE_IDENTIFIER = com.WonderDev.SunriseApp;
				PRODUCT_NAME = "$(TARGET_NAME)";
				SWIFT_VERSION = 4.0;
				TARGETED_DEVICE_FAMILY = "1,2";
			};
			name = Debug;
		};
		8498CB2E2119682300FA58B7 /* Release */ = {
			isa = XCBuildConfiguration;
			buildSettings = {
				ASSETCATALOG_COMPILER_APPICON_NAME = AppIcon;
				CODE_SIGN_STYLE = Automatic;
				DEVELOPMENT_TEAM = Q59F7LSGMF;
				INFOPLIST_FILE = SunriseApp/Info.plist;
				LD_RUNPATH_SEARCH_PATHS = (
					"$(inherited)",
					"@executable_path/Frameworks",
				);
				PRODUCT_BUNDLE_IDENTIFIER = com.WonderDev.SunriseApp;
				PRODUCT_NAME = "$(TARGET_NAME)";
				SWIFT_VERSION = 4.0;
				TARGETED_DEVICE_FAMILY = "1,2";
			};
			name = Release;
		};
/* End XCBuildConfiguration section */

/* Begin XCConfigurationList section */
		8498CB152119682200FA58B7 /* Build configuration list for PBXProject "SunriseApp" */ = {
			isa = XCConfigurationList;
			buildConfigurations = (
				8498CB2A2119682300FA58B7 /* Debug */,
				8498CB2B2119682300FA58B7 /* Release */,
			);
			defaultConfigurationIsVisible = 0;
			defaultConfigurationName = Release;
		};
		8498CB2C2119682300FA58B7 /* Build configuration list for PBXNativeTarget "SunriseApp" */ = {
			isa = XCConfigurationList;
			buildConfigurations = (
				8498CB2D2119682300FA58B7 /* Debug */,
				8498CB2E2119682300FA58B7 /* Release */,
			);
			defaultConfigurationIsVisible = 0;
			defaultConfigurationName = Release;
		};
/* End XCConfigurationList section */
	};
	rootObject = 8498CB122119682200FA58B7 /* Project object */;
}
